
Microsoft Visual Studio Solution File, Format Version 12.00
# Visual Studio Version 17
VisualStudioVersion = 17.7.34024.191
MinimumVisualStudioVersion = 10.0.40219.1
Project("{9A19103F-16F7-4668-BE54-9A1E7A4F7556}") = "01.Stealer", "01.Stealer\01.Stealer.csproj", "{B54219DE-5C70-4F85-AD27-195D60A888CC}"
EndProject
Project("{9A19103F-16F7-4668-BE54-9A1E7A4F7556}") = "02.HighQualityMistakes", "02.HighQualityMistakes\02.HighQualityMistakes.csproj", "{9BB404A1-BD7D-4AF7-B989-05779725ADEB}"
EndProject
Project("{9A19103F-16F7-4668-BE54-9A1E7A4F7556}") = "03.MissionPrivateImpossible", "03.MissionPrivateImpossible\03.MissionPrivateImpossible.csproj", "{B6C2534B-AED6-449E-A604-A61C3710A60B}"
EndProject
Project("{9A19103F-16F7-4668-BE54-9A1E7A4F7556}") = "04.Collector", "04.Collector\04.Collector.csproj", "{F98204B6-2F9F-4984-AA9E-8FB3EBF99F0F}"
EndProject
Project("{9A19103F-16F7-4668-BE54-9A1E7A4F7556}") = "AuthorProblem", "05.CreateAttribute\AuthorProblem.csproj", "{97179FE0-451E-4145-8CCF-A6DFFDC48BFC}"
EndProject
Global
	GlobalSection(SolutionConfigurationPlatforms) = preSolution
		Debug|Any CPU = Debug|Any CPU
		Release|Any CPU = Release|Any CPU
	EndGlobalSection
	GlobalSection(ProjectConfigurationPlatforms) = postSolution
		{B54219DE-5C70-4F85-AD27-195D60A888CC}.Debug|Any CPU.ActiveCfg = Debug|Any CPU
		{B54219DE-5C70-4F85-AD27-195D60A888CC}.Debug|Any CPU.Build.0 = Debug|Any CPU
		{B54219DE-5C70-4F85-AD27-195D60A888CC}.Release|Any CPU.ActiveCfg = Release|Any CPU
		{B54219DE-5C70-4F85-AD27-195D60A888CC}.Release|Any CPU.Build.0 = Release|Any CPU
		{9BB404A1-BD7D-4AF7-B989-05779725ADEB}.Debug|Any CPU.ActiveCfg = Debug|Any CPU
		{9BB404A1-BD7D-4AF7-B989-05779725ADEB}.Debug|Any CPU.Build.0 = Debug|Any CPU
		{9BB404A1-BD7D-4AF7-B989-05779725ADEB}.Release|Any CPU.ActiveCfg = Release|Any CPU
		{9BB404A1-BD7D-4AF7-B989-05779725ADEB}.Release|Any CPU.Build.0 = Release|Any CPU
		{B6C2534B-AED6-449E-A604-A61C3710A60B}.Debug|Any CPU.ActiveCfg = Debug|Any CPU
		{B6C2534B-AED6-449E-A604-A61C3710A60B}.Debug|Any CPU.Build.0 = Debug|Any CPU
		{B6C2534B-AED6-449E-A604-A61C3710A60B}.Release|Any CPU.ActiveCfg = Release|Any CPU
		{B6C2534B-AED6-449E-A604-A61C3710A60B}.Release|Any CPU.Build.0 = Release|Any CPU
		{F98204B6-2F9F-4984-AA9E-8FB3EBF99F0F}.Debug|Any CPU.ActiveCfg = Debug|Any CPU
		{F98204B6-2F9F-4984-AA9E-8FB3EBF99F0F}.Debug|Any CPU.Build.0 = Debug|Any CPU
		{F98204B6-2F9F-4984-AA9E-8FB3EBF99F0F}.Release|Any CPU.ActiveCfg = Release|Any CPU
		{F98204B6-2F9F-4984-AA9E-8FB3EBF99F0F}.Release|Any CPU.Build.0 = Release|Any CPU
		{97179FE0-451E-4145-8CCF-A6DFFDC48BFC}.Debug|Any CPU.ActiveCfg = Debug|Any CPU
		{97179FE0-451E-4145-8CCF-A6DFFDC48BFC}.Debug|Any CPU.Build.0 = Debug|Any CPU
		{97179FE0-451E-4145-8CCF-A6DFFDC48BFC}.Release|Any CPU.ActiveCfg = Release|Any CPU
		{97179FE0-451E-4145-8CCF-A6DFFDC48BFC}.Release|Any CPU.Build.0 = Release|Any CPU
	EndGlobalSection
	GlobalSection(SolutionProperties) = preSolution
		HideSolutionNode = FALSE
	EndGlobalSection
	GlobalSection(ExtensibilityGlobals) = postSolution
		SolutionGuid = {42CFC2DE-75C9-428B-B28F-AC0C2CDAA49E}
	EndGlobalSection
EndGlobal
