
Microsoft Visual Studio Solution File, Format Version 12.00
# Visual Studio Version 17
VisualStudioVersion = 17.7.34024.191
MinimumVisualStudioVersion = 10.0.40219.1
Project("{9A19103F-16F7-4668-BE54-9A1E7A4F7556}") = "01.ClassBoxData", "01.ClassBoxData\01.ClassBoxData.csproj", "{3DB38511-1F76-4D72-BCC7-6C59FC29AD04}"
EndProject
Project("{9A19103F-16F7-4668-BE54-9A1E7A4F7556}") = "AnimalFarm", "02.AnimalFarm\AnimalFarm.csproj", "{202DEF8E-E16E-4E0F-B819-38594CAA886C}"
EndProject
Project("{9A19103F-16F7-4668-BE54-9A1E7A4F7556}") = "03.ShoppingSpree", "03.ShoppingSpree\03.ShoppingSpree.csproj", "{C24BAD83-19F7-4695-8E3C-25247588BAF1}"
EndProject
Project("{FAE04EC0-301F-11D3-BF4B-00C04F79EFBC}") = "04.PizzaCalories", "04.PizzaCalories\04.PizzaCalories.csproj", "{8D57D257-536A-40CE-BC50-5D895FCE55E3}"
EndProject
Global
	GlobalSection(SolutionConfigurationPlatforms) = preSolution
		Debug|Any CPU = Debug|Any CPU
		Release|Any CPU = Release|Any CPU
	EndGlobalSection
	GlobalSection(ProjectConfigurationPlatforms) = postSolution
		{3DB38511-1F76-4D72-BCC7-6C59FC29AD04}.Debug|Any CPU.ActiveCfg = Debug|Any CPU
		{3DB38511-1F76-4D72-BCC7-6C59FC29AD04}.Debug|Any CPU.Build.0 = Debug|Any CPU
		{3DB38511-1F76-4D72-BCC7-6C59FC29AD04}.Release|Any CPU.ActiveCfg = Release|Any CPU
		{3DB38511-1F76-4D72-BCC7-6C59FC29AD04}.Release|Any CPU.Build.0 = Release|Any CPU
		{202DEF8E-E16E-4E0F-B819-38594CAA886C}.Debug|Any CPU.ActiveCfg = Debug|Any CPU
		{202DEF8E-E16E-4E0F-B819-38594CAA886C}.Debug|Any CPU.Build.0 = Debug|Any CPU
		{202DEF8E-E16E-4E0F-B819-38594CAA886C}.Release|Any CPU.ActiveCfg = Release|Any CPU
		{202DEF8E-E16E-4E0F-B819-38594CAA886C}.Release|Any CPU.Build.0 = Release|Any CPU
		{C24BAD83-19F7-4695-8E3C-25247588BAF1}.Debug|Any CPU.ActiveCfg = Debug|Any CPU
		{C24BAD83-19F7-4695-8E3C-25247588BAF1}.Debug|Any CPU.Build.0 = Debug|Any CPU
		{C24BAD83-19F7-4695-8E3C-25247588BAF1}.Release|Any CPU.ActiveCfg = Release|Any CPU
		{C24BAD83-19F7-4695-8E3C-25247588BAF1}.Release|Any CPU.Build.0 = Release|Any CPU
		{8D57D257-536A-40CE-BC50-5D895FCE55E3}.Debug|Any CPU.ActiveCfg = Debug|Any CPU
		{8D57D257-536A-40CE-BC50-5D895FCE55E3}.Debug|Any CPU.Build.0 = Debug|Any CPU
		{8D57D257-536A-40CE-BC50-5D895FCE55E3}.Release|Any CPU.ActiveCfg = Release|Any CPU
		{8D57D257-536A-40CE-BC50-5D895FCE55E3}.Release|Any CPU.Build.0 = Release|Any CPU
	EndGlobalSection
	GlobalSection(SolutionProperties) = preSolution
		HideSolutionNode = FALSE
	EndGlobalSection
	GlobalSection(ExtensibilityGlobals) = postSolution
		SolutionGuid = {3B0BE6C2-2256-4D7B-BE0F-C34DC9434E10}
	EndGlobalSection
EndGlobal
