
Microsoft Visual Studio Solution File, Format Version 12.00
# Visual Studio Version 17
VisualStudioVersion = 17.7.34024.191
MinimumVisualStudioVersion = 10.0.40219.1
Project("{FAE04EC0-301F-11D3-BF4B-00C04F79EFBC}") = "01.SingleInheritance", "01.SingleInheritance\01.SingleInheritance.csproj", "{98B0A7E4-E2AB-48A0-A767-5C782EADB7AD}"
EndProject
Project("{FAE04EC0-301F-11D3-BF4B-00C04F79EFBC}") = "02.MultipleInheritance", "02.MultipleInheritance\02.MultipleInheritance.csproj", "{042C691D-0F17-40F7-BB52-D339FA9D6662}"
EndProject
Project("{FAE04EC0-301F-11D3-BF4B-00C04F79EFBC}") = "03.HierarchicalInheritance", "03.HierarchicalInheritance\03.HierarchicalInheritance.csproj", "{F5A8461A-E843-40A3-A88E-94D6CC80F2C1}"
EndProject
Project("{FAE04EC0-301F-11D3-BF4B-00C04F79EFBC}") = "04.RandomList", "04.RandomList\04.RandomList.csproj", "{1239AF2B-C0B4-4A7E-96F8-FCFBBA4E94C0}"
EndProject
Project("{FAE04EC0-301F-11D3-BF4B-00C04F79EFBC}") = "05.StackOfStrings", "05.StackOfStrings\05.StackOfStrings.csproj", "{3CB49091-CD1E-4831-A0A9-30CA9BFB00AA}"
EndProject
Global
	GlobalSection(SolutionConfigurationPlatforms) = preSolution
		Debug|Any CPU = Debug|Any CPU
		Release|Any CPU = Release|Any CPU
	EndGlobalSection
	GlobalSection(ProjectConfigurationPlatforms) = postSolution
		{98B0A7E4-E2AB-48A0-A767-5C782EADB7AD}.Debug|Any CPU.ActiveCfg = Debug|Any CPU
		{98B0A7E4-E2AB-48A0-A767-5C782EADB7AD}.Debug|Any CPU.Build.0 = Debug|Any CPU
		{98B0A7E4-E2AB-48A0-A767-5C782EADB7AD}.Release|Any CPU.ActiveCfg = Release|Any CPU
		{98B0A7E4-E2AB-48A0-A767-5C782EADB7AD}.Release|Any CPU.Build.0 = Release|Any CPU
		{042C691D-0F17-40F7-BB52-D339FA9D6662}.Debug|Any CPU.ActiveCfg = Debug|Any CPU
		{042C691D-0F17-40F7-BB52-D339FA9D6662}.Debug|Any CPU.Build.0 = Debug|Any CPU
		{042C691D-0F17-40F7-BB52-D339FA9D6662}.Release|Any CPU.ActiveCfg = Release|Any CPU
		{042C691D-0F17-40F7-BB52-D339FA9D6662}.Release|Any CPU.Build.0 = Release|Any CPU
		{F5A8461A-E843-40A3-A88E-94D6CC80F2C1}.Debug|Any CPU.ActiveCfg = Debug|Any CPU
		{F5A8461A-E843-40A3-A88E-94D6CC80F2C1}.Debug|Any CPU.Build.0 = Debug|Any CPU
		{F5A8461A-E843-40A3-A88E-94D6CC80F2C1}.Release|Any CPU.ActiveCfg = Release|Any CPU
		{F5A8461A-E843-40A3-A88E-94D6CC80F2C1}.Release|Any CPU.Build.0 = Release|Any CPU
		{1239AF2B-C0B4-4A7E-96F8-FCFBBA4E94C0}.Debug|Any CPU.ActiveCfg = Debug|Any CPU
		{1239AF2B-C0B4-4A7E-96F8-FCFBBA4E94C0}.Debug|Any CPU.Build.0 = Debug|Any CPU
		{1239AF2B-C0B4-4A7E-96F8-FCFBBA4E94C0}.Release|Any CPU.ActiveCfg = Release|Any CPU
		{1239AF2B-C0B4-4A7E-96F8-FCFBBA4E94C0}.Release|Any CPU.Build.0 = Release|Any CPU
		{3CB49091-CD1E-4831-A0A9-30CA9BFB00AA}.Debug|Any CPU.ActiveCfg = Debug|Any CPU
		{3CB49091-CD1E-4831-A0A9-30CA9BFB00AA}.Debug|Any CPU.Build.0 = Debug|Any CPU
		{3CB49091-CD1E-4831-A0A9-30CA9BFB00AA}.Release|Any CPU.ActiveCfg = Release|Any CPU
		{3CB49091-CD1E-4831-A0A9-30CA9BFB00AA}.Release|Any CPU.Build.0 = Release|Any CPU
	EndGlobalSection
	GlobalSection(SolutionProperties) = preSolution
		HideSolutionNode = FALSE
	EndGlobalSection
	GlobalSection(ExtensibilityGlobals) = postSolution
		SolutionGuid = {9570C1AC-D2BD-420D-8F9D-AB27043BDAC8}
	EndGlobalSection
EndGlobal
