
Microsoft Visual Studio Solution File, Format Version 12.00
# Visual Studio Version 17
VisualStudioVersion = 17.7.34024.191
MinimumVisualStudioVersion = 10.0.40219.1
Project("{FAE04EC0-301F-11D3-BF4B-00C04F79EFBC}") = "01.Shapes", "01.Shapes\01.Shapes.csproj", "{1E72F8FB-2C13-44A7-B380-81912003D4CB}"
EndProject
Project("{FAE04EC0-301F-11D3-BF4B-00C04F79EFBC}") = "02.Cars", "02.Cars\02.Cars.csproj", "{DE11CD8F-D579-4651-849C-E76B339B4D30}"
EndProject
Global
	GlobalSection(SolutionConfigurationPlatforms) = preSolution
		Debug|Any CPU = Debug|Any CPU
		Release|Any CPU = Release|Any CPU
	EndGlobalSection
	GlobalSection(ProjectConfigurationPlatforms) = postSolution
		{1E72F8FB-2C13-44A7-B380-81912003D4CB}.Debug|Any CPU.ActiveCfg = Debug|Any CPU
		{1E72F8FB-2C13-44A7-B380-81912003D4CB}.Debug|Any CPU.Build.0 = Debug|Any CPU
		{1E72F8FB-2C13-44A7-B380-81912003D4CB}.Release|Any CPU.ActiveCfg = Release|Any CPU
		{1E72F8FB-2C13-44A7-B380-81912003D4CB}.Release|Any CPU.Build.0 = Release|Any CPU
		{DE11CD8F-D579-4651-849C-E76B339B4D30}.Debug|Any CPU.ActiveCfg = Debug|Any CPU
		{DE11CD8F-D579-4651-849C-E76B339B4D30}.Debug|Any CPU.Build.0 = Debug|Any CPU
		{DE11CD8F-D579-4651-849C-E76B339B4D30}.Release|Any CPU.ActiveCfg = Release|Any CPU
		{DE11CD8F-D579-4651-849C-E76B339B4D30}.Release|Any CPU.Build.0 = Release|Any CPU
	EndGlobalSection
	GlobalSection(SolutionProperties) = preSolution
		HideSolutionNode = FALSE
	EndGlobalSection
	GlobalSection(ExtensibilityGlobals) = postSolution
		SolutionGuid = {B5BF2656-EFA1-4A2D-BC3D-907C124A549B}
	EndGlobalSection
EndGlobal
